{
  "pins" : [
    {
      "identity" : "yassircomponentspackage",
      "kind" : "remoteSourceControl",
      "location" : "https://github.com/PietroMessineo/YassirComponentsPackage",
      "state" : {
        "branch" : "main",
        "revision" : "acb9037102dbe8cd35c56a3ae2687e847aef9501"
      }
    }
  ],
  "version" : 2
}
